Microsoft Visual Studio Solution File, Format Version 10.00
# Visual Studio 2008

Project("{FEAC6CBB-B208-19E6-C36A-F4BE37EC3927}") = "tccv2", "tccv2.csproj", "{977D2BC8-FCF0-6A35-0010-DA302437C5FC}"
EndProject
Global
	GlobalSection(SolutionConfigurationPlatforms) = preSolution
		Debug|Any CPU = Debug|Any CPU
		Release|Any CPU = Release|Any CPU
	EndGlobalSection
	GlobalSection(ProjectConfigurationPlatforms) = postSolution
		{977D2BC8-FCF0-6A35-0010-DA302437C5FC}.Debug|Any CPU.ActiveCfg = Debug|Any CPU
		{977D2BC8-FCF0-6A35-0010-DA302437C5FC}.Debug|Any CPU.Build.0 = Debug|Any CPU
		{977D2BC8-FCF0-6A35-0010-DA302437C5FC}.Release|Any CPU.ActiveCfg = Release|Any CPU
		{977D2BC8-FCF0-6A35-0010-DA302437C5FC}.Release|Any CPU.Build.0 = Release|Any CPU
	EndGlobalSection
	GlobalSection(SolutionProperties) = preSolution
		HideSolutionNode = FALSE
	EndGlobalSection
EndGlobal
